
Microsoft Visual Studio Solution File, Format Version 12.00
# Visual Studio Version 17
VisualStudioVersion = 17.8.34408.163
MinimumVisualStudioVersion = 10.0.40219.1
Project("{FAE04EC0-301F-11D3-BF4B-00C04F79EFBC}") = "Fundaciondeb", "Fundaciondeb\Fundaciondeb.csproj", "{E839EEF7-8ACC-4EFB-8D97-E21800A0CE79}"
EndProject
Global
	GlobalSection(SolutionConfigurationPlatforms) = preSolution
		Debug|Any CPU = Debug|Any CPU
		Release|Any CPU = Release|Any CPU
	EndGlobalSection
	GlobalSection(ProjectConfigurationPlatforms) = postSolution
		{E839EEF7-8ACC-4EFB-8D97-E21800A0CE79}.Debug|Any CPU.ActiveCfg = Debug|Any CPU
		{E839EEF7-8ACC-4EFB-8D97-E21800A0CE79}.Debug|Any CPU.Build.0 = Debug|Any CPU
		{E839EEF7-8ACC-4EFB-8D97-E21800A0CE79}.Release|Any CPU.ActiveCfg = Release|Any CPU
		{E839EEF7-8ACC-4EFB-8D97-E21800A0CE79}.Release|Any CPU.Build.0 = Release|Any CPU
	EndGlobalSection
	GlobalSection(SolutionProperties) = preSolution
		HideSolutionNode = FALSE
	EndGlobalSection
	GlobalSection(ExtensibilityGlobals) = postSolution
		SolutionGuid = {4B78F59A-4823-4107-8752-0F55B89FAADB}
	EndGlobalSection
EndGlobal
